
Microsoft Visual Studio Solution File, Format Version 12.00
# Visual Studio 15
VisualStudioVersion = 15.0.28307.271
MinimumVisualStudioVersion = 10.0.40219.1
Project("{FAE04EC0-301F-11D3-BF4B-00C04F79EFBC}") = "Trump", "Trump\Trump.csproj", "{BA0EC5CD-AE64-469D-B164-51DB87F10794}"
EndProject
Global
	GlobalSection(SolutionConfigurationPlatforms) = preSolution
		Debug|Any CPU = Debug|Any CPU
		Release|Any CPU = Release|Any CPU
	EndGlobalSection
	GlobalSection(ProjectConfigurationPlatforms) = postSolution
		{BA0EC5CD-AE64-469D-B164-51DB87F10794}.Debug|Any CPU.ActiveCfg = Debug|Any CPU
		{BA0EC5CD-AE64-469D-B164-51DB87F10794}.Debug|Any CPU.Build.0 = Debug|Any CPU
		{BA0EC5CD-AE64-469D-B164-51DB87F10794}.Release|Any CPU.ActiveCfg = Release|Any CPU
		{BA0EC5CD-AE64-469D-B164-51DB87F10794}.Release|Any CPU.Build.0 = Release|Any CPU
	EndGlobalSection
	GlobalSection(SolutionProperties) = preSolution
		HideSolutionNode = FALSE
	EndGlobalSection
	GlobalSection(ExtensibilityGlobals) = postSolution
		SolutionGuid = {F0C91790-CAA8-4C7E-A1FE-C93E9510DB99}
	EndGlobalSection
EndGlobal
